Microsoft Visual Studio Solution File, Format Version 12.00
# Visual Studio Version 17
VisualStudioVersion = 17.5.2.0
MinimumVisualStudioVersion = 10.0.40219.1
Project("{FAE04EC0-301F-11D3-BF4B-00C04F79EFBC}") = "C# OOP'DSA", "C# OOP'DSA.csproj", "{F1F8F641-EC08-8F0C-14A3-B21434E5FC5D}"
EndProject
Global
	GlobalSection(SolutionConfigurationPlatforms) = preSolution
		Debug|Any CPU = Debug|Any CPU
		Release|Any CPU = Release|Any CPU
	EndGlobalSection
	GlobalSection(ProjectConfigurationPlatforms) = postSolution
		{F1F8F641-EC08-8F0C-14A3-B21434E5FC5D}.Debug|Any CPU.ActiveCfg = Debug|Any CPU
		{F1F8F641-EC08-8F0C-14A3-B21434E5FC5D}.Debug|Any CPU.Build.0 = Debug|Any CPU
		{F1F8F641-EC08-8F0C-14A3-B21434E5FC5D}.Release|Any CPU.ActiveCfg = Release|Any CPU
		{F1F8F641-EC08-8F0C-14A3-B21434E5FC5D}.Release|Any CPU.Build.0 = Release|Any CPU
	EndGlobalSection
	GlobalSection(SolutionProperties) = preSolution
		HideSolutionNode = FALSE
	EndGlobalSection
	GlobalSection(ExtensibilityGlobals) = postSolution
		SolutionGuid = {8D516683-60A4-46C9-8787-86FD4A569937}
	EndGlobalSection
EndGlobal
